// !$*UTF8*$!
{
	archiveVersion = 1;
	classes = {
	};
	objectVersion = 46;
	objects = {

/* Begin PBXBuildFile section */
		69389DB31C867A6000679D8F /* main.m in Sources */ = {isa = PBXBuildFile; fileRef = 69389DB21C867A6000679D8F /* main.m */; };
		69389DBB1C867A6D00679D8F /* NSPen.m in Sources */ = {isa = PBXBuildFile; fileRef = 69389DBA1C867A6D00679D8F /* NSPen.m */; };
		694C55611C8682FE0082F24F /* NSFile.m in Sources */ = {isa = PBXBuildFile; fileRef = 694C55601C8682FE0082F24F /* NSFile.m */; };
/* End PBXBuildFile section */

/* Begin PBXCopyFilesBuildPhase section */
		69389DAD1C867A6000679D8F /* CopyFiles */ = {
			isa = PBXCopyFilesBuildPhase;
			buildActionMask = 2147483647;
			dstPath = /usr/share/man/man1/;
			dstSubfolderSpec = 0;
			files = (
			);
			runOnlyForDeploymentPostprocessing = 1;
		};
/* End PBXCopyFilesBuildPhase section */

/* Begin PBXFileReference section */
		69389DAF1C867A6000679D8F /* NSPen */ = {isa = PBXFileReference; explicitFileType = "compiled.mach-o.executable"; includeInIndex = 0; path = NSPen; sourceTree = BUILT_PRODUCTS_DIR; };
		69389DB21C867A6000679D8F /* main.m */ = {isa = PBXFileReference; lastKnownFileType = sourcecode.c.objc; path = main.m; sourceTree = "<group>"; };
		69389DB91C867A6D00679D8F /* NSPen.h */ = {isa = PBXFileReference; fileEncoding = 4; lastKnownFileType = sourcecode.c.h; path = NSPen.h; sourceTree = "<group>"; };
		69389DBA1C867A6D00679D8F /* NSPen.m */ = {isa = PBXFileReference; fileEncoding = 4; lastKnownFileType = sourcecode.c.objc; path = NSPen.m; sourceTree = "<group>"; };
		694C555F1C8682FE0082F24F /* NSFile.h */ = {isa = PBXFileReference; fileEncoding = 4; lastKnownFileType = sourcecode.c.h; path = NSFile.h; sourceTree = "<group>"; };
		694C55601C8682FE0082F24F /* NSFile.m */ = {isa = PBXFileReference; fileEncoding = 4; lastKnownFileType = sourcecode.c.objc; path = NSFile.m; sourceTree = "<group>"; };
/* End PBXFileReference section */

/* Begin PBXFrameworksBuildPhase section */
		69389DAC1C867A6000679D8F /* Frameworks */ = {
			isa = PBXFrameworksBuildPhase;
			buildActionMask = 2147483647;
			files = (
			);
			runOnlyForDeploymentPostprocessing = 0;
		};
/* End PBXFrameworksBuildPhase section */

/* Begin PBXGroup section */
		69389DA61C867A6000679D8F = {
			isa = PBXGroup;
			children = (
				69389DB11C867A6000679D8F /* NSPen */,
				69389DB01C867A6000679D8F /* Products */,
			);
			sourceTree = "<group>";
		};
		69389DB01C867A6000679D8F /* Products */ = {
			isa = PBXGroup;
			children = (
				69389DAF1C867A6000679D8F /* NSPen */,
			);
			name = Products;
			sourceTree = "<group>";
		};
		69389DB11C867A6000679D8F /* NSPen */ = {
			isa = PBXGroup;
			children = (
				69389DB21C867A6000679D8F /* main.m */,
				69389DB91C867A6D00679D8F /* NSPen.h */,
				69389DBA1C867A6D00679D8F /* NSPen.m */,
				694C555F1C8682FE0082F24F /* NSFile.h */,
				694C55601C8682FE0082F24F /* NSFile.m */,
			);
			path = NSPen;
			sourceTree = "<group>";
		};
/* End PBXGroup section */

/* Begin PBXNativeTarget section */
		69389DAE1C867A6000679D8F /* NSPen */ = {
			isa = PBXNativeTarget;
			buildConfigurationList = 69389DB61C867A6000679D8F /* Build configuration list for PBXNativeTarget "NSPen" */;
			buildPhases = (
				69389DAB1C867A6000679D8F /* Sources */,
				69389DAC1C867A6000679D8F /* Frameworks */,
				69389DAD1C867A6000679D8F /* CopyFiles */,
			);
			buildRules = (
			);
			dependencies = (
			);
			name = NSPen;
			productName = NSPen;
			productReference = 69389DAF1C867A6000679D8F /* NSPen */;
			productType = "com.apple.product-type.tool";
		};
/* End PBXNativeTarget section */

/* Begin PBXProject section */
		69389DA71C867A6000679D8F /* Project object */ = {
			isa = PBXProject;
			attributes = {
				LastUpgradeCheck = 0640;
				ORGANIZATIONNAME = GraceLilac;
				TargetAttributes = {
					69389DAE1C867A6000679D8F = {
						CreatedOnToolsVersion = 6.4;
					};
				};
			};
			buildConfigurationList = 69389DAA1C867A6000679D8F /* Build configuration list for PBXProject "NSPen" */;
			compatibilityVersion = "Xcode 3.2";
			developmentRegion = English;
			hasScannedForEncodings = 0;
			knownRegions = (
				en,
			);
			mainGroup = 69389DA61C867A6000679D8F;
			productRefGroup = 69389DB01C867A6000679D8F /* Products */;
			projectDirPath = "";
			projectRoot = "";
			targets = (
				69389DAE1C867A6000679D8F /* NSPen */,
			);
		};
/* End PBXProject section */

/* Begin PBXSourcesBuildPhase section */
		69389DAB1C867A6000679D8F /* Sources */ = {
			isa = PBXSourcesBuildPhase;
			buildActionMask = 2147483647;
			files = (
				694C55611C8682FE0082F24F /* NSFile.m in Sources */,
				69389DBB1C867A6D00679D8F /* NSPen.m in Sources */,
				69389DB31C867A6000679D8F /* main.m in Sources */,
			);
			runOnlyForDeploymentPostprocessing = 0;
		};
/* End PBXSourcesBuildPhase section */

/* Begin XCBuildConfiguration section */
		69389DB41C867A6000679D8F /* Debug */ = {
			isa = XCBuildConfiguration;
			buildSettings = {
				ALWAYS_SEARCH_USER_PATHS = NO;
				CLANG_CXX_LANGUAGE_STANDARD = "gnu++0x";
				CLANG_CXX_LIBRARY = "libc++";
				CLANG_ENABLE_MODULES = YES;
				CLANG_ENABLE_OBJC_ARC = YES;
				CLANG_WARN_BOOL_CONVERSION = YES;
				CLANG_WARN_CONSTANT_CONVERSION = YES;
				CLANG_WARN_DIRECT_OBJC_ISA_USAGE = YES_ERROR;
				CLANG_WARN_EMPTY_BODY = YES;
				CLANG_WARN_ENUM_CONVERSION = YES;
				CLANG_WARN_INT_CONVERSION = YES;
				CLANG_WARN_OBJC_ROOT_CLASS = YES_ERROR;
				CLANG_WARN_UNREACHABLE_CODE = YES;
				CLANG_WARN__DUPLICATE_METHOD_MATCH = YES;
				COPY_PHASE_STRIP = NO;
				DEBUG_INFORMATION_FORMAT = dwarf;
				ENABLE_STRICT_OBJC_MSGSEND = YES;
				GCC_C_LANGUAGE_STANDARD = gnu99;
				GCC_DYNAMIC_NO_PIC = NO;
				GCC_NO_COMMON_BLOCKS = YES;
				GCC_OPTIMIZATION_LEVEL = 0;
				GCC_PREPROCESSOR_DEFINITIONS = (
					"DEBUG=1",
					"$(inherited)",
				);
				GCC_SYMBOLS_PRIVATE_EXTERN = NO;
				GCC_WARN_64_TO_32_BIT_CONVERSION = YES;
				GCC_WARN_ABOUT_RETURN_TYPE = YES_ERROR;
				GCC_WARN_UNDECLARED_SELECTOR = YES;
				GCC_WARN_UNINITIALIZED_AUTOS = YES_AGGRESSIVE;
				GCC_WARN_UNUSED_FUNCTION = YES;
				GCC_WARN_UNUSED_VARIABLE = YES;
				MACOSX_DEPLOYMENT_TARGET = 10.10;
				MTL_ENABLE_DEBUG_INFO = YES;
				ONLY_ACTIVE_ARCH = YES;
				SDKROOT = macosx;
			};
			name = Debug;
		};
		69389DB51C867A6000679D8F /* Release */ = {
			isa = XCBuildConfiguration;
			buildSettings = {
				ALWAYS_SEARCH_USER_PATHS = NO;
				CLANG_CXX_LANGUAGE_STANDARD = "gnu++0x";
				CLANG_CXX_LIBRARY = "libc++";
				CLANG_ENABLE_MODULES = YES;
				CLANG_ENABLE_OBJC_ARC = YES;
				CLANG_WARN_BOOL_CONVERSION = YES;
				CLANG_WARN_CONSTANT_CONVERSION = YES;
				CLANG_WARN_DIRECT_OBJC_ISA_USAGE = YES_ERROR;
				CLANG_WARN_EMPTY_BODY = YES;
				CLANG_WARN_ENUM_CONVERSION = YES;
				CLANG_WARN_INT_CONVERSION = YES;
				CLANG_WARN_OBJC_ROOT_CLASS = YES_ERROR;
				CLANG_WARN_UNREACHABLE_CODE = YES;
				CLANG_WARN__DUPLICATE_METHOD_MATCH = YES;
				COPY_PHASE_STRIP = NO;
				DEBUG_INFORMATION_FORMAT = "dwarf-with-dsym";
				ENABLE_NS_ASSERTIONS = NO;
				ENABLE_STRICT_OBJC_MSGSEND = YES;
				GCC_C_LANGUAGE_STANDARD = gnu99;
				GCC_NO_COMMON_BLOCKS = YES;
				GCC_WARN_64_TO_32_BIT_CONVERSION = YES;
				GCC_WARN_ABOUT_RETURN_TYPE = YES_ERROR;
				GCC_WARN_UNDECLARED_SELECTOR = YES;
				GCC_WARN_UNINITIALIZED_AUTOS = YES_AGGRESSIVE;
				GCC_WARN_UNUSED_FUNCTION = YES;
				GCC_WARN_UNUSED_VARIABLE = YES;
				MACOSX_DEPLOYMENT_TARGET = 10.10;
				MTL_ENABLE_DEBUG_INFO = NO;
				SDKROOT = macosx;
			};
			name = Release;
		};
		69389DB71C867A6000679D8F /* Debug */ = {
			isa = XCBuildConfiguration;
			buildSettings = {
				PRODUCT_NAME = "$(TARGET_NAME)";
			};
			name = Debug;
		};
		69389DB81C867A6000679D8F /* Release */ = {
			isa = XCBuildConfiguration;
			buildSettings = {
				PRODUCT_NAME = "$(TARGET_NAME)";
			};
			name = Release;
		};
/* End XCBuildConfiguration section */

/* Begin XCConfigurationList section */
		69389DAA1C867A6000679D8F /* Build configuration list for PBXProject "NSPen" */ = {
			isa = XCConfigurationList;
			buildConfigurations = (
				69389DB41C867A6000679D8F /* Debug */,
				69389DB51C867A6000679D8F /* Release */,
			);
			defaultConfigurationIsVisible = 0;
			defaultConfigurationName = Release;
		};
		69389DB61C867A6000679D8F /* Build configuration list for PBXNativeTarget "NSPen" */ = {
			isa = XCConfigurationList;
			buildConfigurations = (
				69389DB71C867A6000679D8F /* Debug */,
				69389DB81C867A6000679D8F /* Release */,
			);
			defaultConfigurationIsVisible = 0;
			defaultConfigurationName = Release;
		};
/* End XCConfigurationList section */
	};
	rootObject = 69389DA71C867A6000679D8F /* Project object */;
}
